
Microsoft Visual Studio Solution File, Format Version 12.00
Project("{FAE04EC0-301F-11D3-BF4B-00C04F79EFBC}") = "core", "core\core.csproj", "{0D8428B6-DAD5-47AD-BBD9-1F1A010E6AC0}"
EndProject
Project("{FAE04EC0-301F-11D3-BF4B-00C04F79EFBC}") = "Core.Tests", "Core.Tests\Core.Tests.csproj", "{B1233164-C34A-45AE-A843-B708C511C2DE}"
EndProject
Project("{FAE04EC0-301F-11D3-BF4B-00C04F79EFBC}") = "Modelling", "Modelling\Modelling.csproj", "{879363DF-E578-4FC5-B113-3776A38A946D}"
EndProject
Project("{FAE04EC0-301F-11D3-BF4B-00C04F79EFBC}") = "Messaging", "Messaging\Messaging.csproj", "{3C3A0EF8-AD8F-4260-B465-F891911B4E8E}"
EndProject
Project("{FAE04EC0-301F-11D3-BF4B-00C04F79EFBC}") = "EventSourcing", "EventSourcing\EventSourcing.csproj", "{D703B31A-3F06-438E-ADA9-587242407948}"
EndProject
Global
	GlobalSection(SolutionConfigurationPlatforms) = preSolution
		Debug|Any CPU = Debug|Any CPU
		Release|Any CPU = Release|Any CPU
	EndGlobalSection
	GlobalSection(ProjectConfigurationPlatforms) = postSolution
		{0D8428B6-DAD5-47AD-BBD9-1F1A010E6AC0}.Debug|Any CPU.ActiveCfg = Debug|Any CPU
		{0D8428B6-DAD5-47AD-BBD9-1F1A010E6AC0}.Debug|Any CPU.Build.0 = Debug|Any CPU
		{0D8428B6-DAD5-47AD-BBD9-1F1A010E6AC0}.Release|Any CPU.ActiveCfg = Release|Any CPU
		{0D8428B6-DAD5-47AD-BBD9-1F1A010E6AC0}.Release|Any CPU.Build.0 = Release|Any CPU
		{B1233164-C34A-45AE-A843-B708C511C2DE}.Debug|Any CPU.ActiveCfg = Debug|Any CPU
		{B1233164-C34A-45AE-A843-B708C511C2DE}.Debug|Any CPU.Build.0 = Debug|Any CPU
		{B1233164-C34A-45AE-A843-B708C511C2DE}.Release|Any CPU.ActiveCfg = Release|Any CPU
		{B1233164-C34A-45AE-A843-B708C511C2DE}.Release|Any CPU.Build.0 = Release|Any CPU
		{879363DF-E578-4FC5-B113-3776A38A946D}.Debug|Any CPU.ActiveCfg = Debug|Any CPU
		{879363DF-E578-4FC5-B113-3776A38A946D}.Debug|Any CPU.Build.0 = Debug|Any CPU
		{879363DF-E578-4FC5-B113-3776A38A946D}.Release|Any CPU.ActiveCfg = Release|Any CPU
		{879363DF-E578-4FC5-B113-3776A38A946D}.Release|Any CPU.Build.0 = Release|Any CPU
		{3C3A0EF8-AD8F-4260-B465-F891911B4E8E}.Debug|Any CPU.ActiveCfg = Debug|Any CPU
		{3C3A0EF8-AD8F-4260-B465-F891911B4E8E}.Debug|Any CPU.Build.0 = Debug|Any CPU
		{3C3A0EF8-AD8F-4260-B465-F891911B4E8E}.Release|Any CPU.ActiveCfg = Release|Any CPU
		{3C3A0EF8-AD8F-4260-B465-F891911B4E8E}.Release|Any CPU.Build.0 = Release|Any CPU
		{D703B31A-3F06-438E-ADA9-587242407948}.Debug|Any CPU.ActiveCfg = Debug|Any CPU
		{D703B31A-3F06-438E-ADA9-587242407948}.Debug|Any CPU.Build.0 = Debug|Any CPU
		{D703B31A-3F06-438E-ADA9-587242407948}.Release|Any CPU.ActiveCfg = Release|Any CPU
		{D703B31A-3F06-438E-ADA9-587242407948}.Release|Any CPU.Build.0 = Release|Any CPU
	EndGlobalSection
EndGlobal
